
Microsoft Visual Studio Solution File, Format Version 12.00
# Visual Studio Version 16
VisualStudioVersion = 16.0.31729.503
MinimumVisualStudioVersion = 10.0.40219.1
Project("{FAE04EC0-301F-11D3-BF4B-00C04F79EFBC}") = "WebApplication1", "WebApplication1.csproj", "{8DFBF750-9985-437B-BB34-086B7862E47F}"
EndProject
Global
	GlobalSection(SolutionConfigurationPlatforms) = preSolution
		Debug|Any CPU = Debug|Any CPU
		Release|Any CPU = Release|Any CPU
	EndGlobalSection
	GlobalSection(ProjectConfigurationPlatforms) = postSolution
		{8DFBF750-9985-437B-BB34-086B7862E47F}.Debug|Any CPU.ActiveCfg = Debug|Any CPU
		{8DFBF750-9985-437B-BB34-086B7862E47F}.Debug|Any CPU.Build.0 = Debug|Any CPU
		{8DFBF750-9985-437B-BB34-086B7862E47F}.Release|Any CPU.ActiveCfg = Release|Any CPU
		{8DFBF750-9985-437B-BB34-086B7862E47F}.Release|Any CPU.Build.0 = Release|Any CPU
	EndGlobalSection
	GlobalSection(SolutionProperties) = preSolution
		HideSolutionNode = FALSE
	EndGlobalSection
	GlobalSection(ExtensibilityGlobals) = postSolution
		SolutionGuid = {178C091E-F57B-404D-BE92-350BD9A15E0E}
	EndGlobalSection
EndGlobal
